PODS:
  - Flutter (1.0.0)
  - Protobuf (3.18.0)
  - reactive_ble_mobile (0.0.1):
    - Flutter
    - Protobuf (~> 3.5)
    - SwiftProtobuf (~> 1.0)
  - SwiftProtobuf (1.17.0)

DEPENDENCIES:
  - Flutter (from `Flutter`)
  - reactive_ble_mobile (from `.symlinks/plugins/reactive_ble_mobile/ios`)

SPEC REPOS:
  trunk:
    - Protobuf
    - SwiftProtobuf

EXTERNAL SOURCES:
  Flutter:
    :path: Flutter
  reactive_ble_mobile:
    :path: ".symlinks/plugins/reactive_ble_mobile/ios"

SPEC CHECKSUMS:
  Flutter: e0871f40cf51350855a761d2e70bf5af5b9b5de7
  Protobuf: 1a37ebea1338949e9ac35a3f06e80b3f536eec8d
  reactive_ble_mobile: 9ce6723d37ccf701dbffd202d487f23f5de03b4c
  SwiftProtobuf: 9c85136c6ba74b0a1b84279dbf0f6db8efb714e0

PODFILE CHECKSUM: c4c93c5f6502fe2754f48404d3594bf779584011

COCOAPODS: 1.15.2
