{
  "pins" : [
    {
      "identity" : "swift-protobuf",
      "kind" : "remoteSourceControl",
      "location" : "https://github.com/apple/swift-protobuf.git",
      "state" : {
        "revision" : "81558271e243f8f47dfe8e9fdd55f3c2b5413f68",
        "version" : "1.37.0"
      }
    }
  ],
  "version" : 2
}
