PODS:
  - FlutterMacOS (1.0.0)
  - quick_blue_macos (0.0.1):
    - FlutterMacOS

DEPENDENCIES:
  - FlutterMacOS (from `Flutter/ephemeral`)
  - quick_blue_macos (from `Flutter/ephemeral/.symlinks/plugins/quick_blue_macos/macos`)

EXTERNAL SOURCES:
  FlutterMacOS:
    :path: Flutter/ephemeral
  quick_blue_macos:
    :path: Flutter/ephemeral/.symlinks/plugins/quick_blue_macos/macos

SPEC CHECKSUMS:
  FlutterMacOS: 57701585bf7de1b3fc2bb61f6378d73bbdea8424
  quick_blue_macos: b7808bfaa3524fbf1edbba0d8b080908299c3541

PODFILE CHECKSUM: 0d3963a09fc94f580682bd88480486da345dc3f0

COCOAPODS: 1.11.2
